
Microsoft Visual Studio Solution File, Format Version 12.00
# Visual Studio 2012
Project("{FAE04EC0-301F-11D3-BF4B-00C04F79EFBC}") = "Sale Price Calculator Project", "Sale Price Calculator Project\Sale Price Calculator Project.csproj", "{FECA7376-8BDE-4B7A-80E6-BFCB5140D0B5}"
EndProject
Global
	GlobalSection(SolutionConfigurationPlatforms) = preSolution
		Debug|Any CPU = Debug|Any CPU
		Release|Any CPU = Release|Any CPU
	EndGlobalSection
	GlobalSection(ProjectConfigurationPlatforms) = postSolution
		{FECA7376-8BDE-4B7A-80E6-BFCB5140D0B5}.Debug|Any CPU.ActiveCfg = Debug|Any CPU
		{FECA7376-8BDE-4B7A-80E6-BFCB5140D0B5}.Debug|Any CPU.Build.0 = Debug|Any CPU
		{FECA7376-8BDE-4B7A-80E6-BFCB5140D0B5}.Release|Any CPU.ActiveCfg = Release|Any CPU
		{FECA7376-8BDE-4B7A-80E6-BFCB5140D0B5}.Release|Any CPU.Build.0 = Release|Any CPU
	EndGlobalSection
	GlobalSection(SolutionProperties) = preSolution
		HideSolutionNode = FALSE
	EndGlobalSection
EndGlobal
